// !$*UTF8*$!
{
	archiveVersion = 1;
	classes = {
	};
	objectVersion = 56;
	objects = {

/* Begin PBXBuildFile section */
		8C0CC2022968D6D6009BE6FB /* NOP.swift in Sources */ = {isa = PBXBuildFile; fileRef = 8C0CC2012968D6D6009BE6FB /* NOP.swift */; };
		8C43E0A32978ACCE00C6AE33 /* BIT.swift in Sources */ = {isa = PBXBuildFile; fileRef = 8C43E0A22978ACCE00C6AE33 /* BIT.swift */; };
		8C43E0A72978AEF500C6AE33 /* BSR.swift in Sources */ = {isa = PBXBuildFile; fileRef = 8C43E0A62978AEF500C6AE33 /* BSR.swift */; };
		8C43E0A92978B08F00C6AE33 /* RTS.swift in Sources */ = {isa = PBXBuildFile; fileRef = 8C43E0A82978B08F00C6AE33 /* RTS.swift */; };
		8C43E0AB297C3D0700C6AE33 /* CLC.swift in Sources */ = {isa = PBXBuildFile; fileRef = 8C43E0AA297C3D0700C6AE33 /* CLC.swift */; };
		8C43E0AD297C3D7B00C6AE33 /* CLI.swift in Sources */ = {isa = PBXBuildFile; fileRef = 8C43E0AC297C3D7B00C6AE33 /* CLI.swift */; };
		8C43E0AF297C3E1900C6AE33 /* CLR.swift in Sources */ = {isa = PBXBuildFile; fileRef = 8C43E0AE297C3E1900C6AE33 /* CLR.swift */; };
		8C43E0B1297C3FD100C6AE33 /* CLV.swift in Sources */ = {isa = PBXBuildFile; fileRef = 8C43E0B0297C3FD100C6AE33 /* CLV.swift */; };
		8C43E0B3297C40AB00C6AE33 /* CMP.swift in Sources */ = {isa = PBXBuildFile; fileRef = 8C43E0B2297C40AB00C6AE33 /* CMP.swift */; };
		8C43E2C0297E0C8D00C6AE33 /* CPX.swift in Sources */ = {isa = PBXBuildFile; fileRef = 8C43E2BF297E0C8D00C6AE33 /* CPX.swift */; };
		8C62C7D5298B2AFC0072BE3D /* DecimalConverter.swift in Sources */ = {isa = PBXBuildFile; fileRef = 8C62C7D4298B2AFC0072BE3D /* DecimalConverter.swift */; };
		8C755A3029699ABC00827729 /* DAA.swift in Sources */ = {isa = PBXBuildFile; fileRef = 8C755A2F29699ABC00827729 /* DAA.swift */; };
		8C755A322969A39B00827729 /* JMP.swift in Sources */ = {isa = PBXBuildFile; fileRef = 8C755A312969A39B00827729 /* JMP.swift */; };
		8C755A362969AF0A00827729 /* BRA.swift in Sources */ = {isa = PBXBuildFile; fileRef = 8C755A352969AF0A00827729 /* BRA.swift */; };
		8C755A38296CDF4100827729 /* COM.swift in Sources */ = {isa = PBXBuildFile; fileRef = 8C755A37296CDF4100827729 /* COM.swift */; };
		8C9A595F29871CCB00742D69 /* Devices.swift in Sources */ = {isa = PBXBuildFile; fileRef = 8C9A595E29871CCB00742D69 /* Devices.swift */; };
		8C9A5B2D2989E10600742D69 /* DecimalCounter.swift in Sources */ = {isa = PBXBuildFile; fileRef = 8C9A5B2C2989E10600742D69 /* DecimalCounter.swift */; };
		8C9A5B2F2989E11400742D69 /* Samples.swift in Sources */ = {isa = PBXBuildFile; fileRef = 8C9A5B2E2989E11400742D69 /* Samples.swift */; };
		8C9A5B312989E38100742D69 /* KeyboardView.swift in Sources */ = {isa = PBXBuildFile; fileRef = 8C9A5B302989E38100742D69 /* KeyboardView.swift */; };
		8C9A5B332989E3AD00742D69 /* DisplayView.swift in Sources */ = {isa = PBXBuildFile; fileRef = 8C9A5B322989E3AD00742D69 /* DisplayView.swift */; };
		8CB86AA629683776007823D0 /* Motorola6800App.swift in Sources */ = {isa = PBXBuildFile; fileRef = 8CB86AA529683776007823D0 /* Motorola6800App.swift */; };
		8CB86AA829683776007823D0 /* HeathkitView.swift in Sources */ = {isa = PBXBuildFile; fileRef = 8CB86AA729683776007823D0 /* HeathkitView.swift */; };
		8CB86AAA29683778007823D0 /* Assets.xcassets in Resources */ = {isa = PBXBuildFile; fileRef = 8CB86AA929683778007823D0 /* Assets.xcassets */; };
		8CB86AAD29683778007823D0 /* Preview Assets.xcassets in Resources */ = {isa = PBXBuildFile; fileRef = 8CB86AAC29683778007823D0 /* Preview Assets.xcassets */; };
		8CB86AB729683778007823D0 /* Motorola6800Tests.swift in Sources */ = {isa = PBXBuildFile; fileRef = 8CB86AB629683778007823D0 /* Motorola6800Tests.swift */; };
		8CB86AD0296837B5007823D0 /* Model.swift in Sources */ = {isa = PBXBuildFile; fileRef = 8CB86ACF296837B5007823D0 /* Model.swift */; };
		8CB86AD22968444B007823D0 /* Extensions.swift in Sources */ = {isa = PBXBuildFile; fileRef = 8CB86AD12968444B007823D0 /* Extensions.swift */; };
		8CB86AD4296844B8007823D0 /* Execution.swift in Sources */ = {isa = PBXBuildFile; fileRef = 8CB86AD3296844B8007823D0 /* Execution.swift */; };
		8CB86AD72968652E007823D0 /* InstructionSet.swift in Sources */ = {isa = PBXBuildFile; fileRef = 8CB86AD62968652E007823D0 /* InstructionSet.swift */; };
		8CB86AD9296865DA007823D0 /* ABA.swift in Sources */ = {isa = PBXBuildFile; fileRef = 8CB86AD8296865DA007823D0 /* ABA.swift */; };
		8CB86ADB29686641007823D0 /* LDA.swift in Sources */ = {isa = PBXBuildFile; fileRef = 8CB86ADA29686641007823D0 /* LDA.swift */; };
		8CB86ADD29686672007823D0 /* WAI.swift in Sources */ = {isa = PBXBuildFile; fileRef = 8CB86ADC29686672007823D0 /* WAI.swift */; };
		8CC3B05B298DC94B00F7F608 /* BranchCalculator.swift in Sources */ = {isa = PBXBuildFile; fileRef = 8CC3B05A298DC94B00F7F608 /* BranchCalculator.swift */; };
		8CC3B05D298E951D00F7F608 /* SegmentIndicatorView.swift in Sources */ = {isa = PBXBuildFile; fileRef = 8CC3B05C298E951D00F7F608 /* SegmentIndicatorView.swift */; };
		8CC3B4402997082300F7F608 /* Terminal.swift in Sources */ = {isa = PBXBuildFile; fileRef = 8CC3B43F2997082300F7F608 /* Terminal.swift */; };
		8CC3B4422997D7FD00F7F608 /* TerminalUsage.swift in Sources */ = {isa = PBXBuildFile; fileRef = 8CC3B4412997D7FD00F7F608 /* TerminalUsage.swift */; };
		8CEBEB1F297F4DC900FE9D0A /* DEC.swift in Sources */ = {isa = PBXBuildFile; fileRef = 8CEBEB1E297F4DC900FE9D0A /* DEC.swift */; };
		8CEBEB212980ABEA00FE9D0A /* DES.swift in Sources */ = {isa = PBXBuildFile; fileRef = 8CEBEB202980ABEA00FE9D0A /* DES.swift */; };
		8CEBEB232980AC4100FE9D0A /* DEX.swift in Sources */ = {isa = PBXBuildFile; fileRef = 8CEBEB222980AC4100FE9D0A /* DEX.swift */; };
		8CEBEB252981DA1100FE9D0A /* EOR.swift in Sources */ = {isa = PBXBuildFile; fileRef = 8CEBEB242981DA1100FE9D0A /* EOR.swift */; };
		8CEBEB272981DAEA00FE9D0A /* INC.swift in Sources */ = {isa = PBXBuildFile; fileRef = 8CEBEB262981DAEA00FE9D0A /* INC.swift */; };
		8CEBEB292981DB9100FE9D0A /* INS.swift in Sources */ = {isa = PBXBuildFile; fileRef = 8CEBEB282981DB9100FE9D0A /* INS.swift */; };
		8CEBEB2B2981DBE400FE9D0A /* INX.swift in Sources */ = {isa = PBXBuildFile; fileRef = 8CEBEB2A2981DBE400FE9D0A /* INX.swift */; };
		8CEBEB2D2981DC3D00FE9D0A /* ADC.swift in Sources */ = {isa = PBXBuildFile; fileRef = 8CEBEB2C2981DC3D00FE9D0A /* ADC.swift */; };
		8CEBEB2F2981DE1D00FE9D0A /* JSR.swift in Sources */ = {isa = PBXBuildFile; fileRef = 8CEBEB2E2981DE1D00FE9D0A /* JSR.swift */; };
		8CEBEDDC2983455400FE9D0A /* ORA.swift in Sources */ = {isa = PBXBuildFile; fileRef = 8CEBEDDB2983455400FE9D0A /* ORA.swift */; };
		8CEBEDDE2983461600FE9D0A /* PSH.swift in Sources */ = {isa = PBXBuildFile; fileRef = 8CEBEDDD2983461600FE9D0A /* PSH.swift */; };
		8CEBF11E298479E100FE9D0A /* PUL.swift in Sources */ = {isa = PBXBuildFile; fileRef = 8CEBF11D298479E100FE9D0A /* PUL.swift */; };
		8CEBF12029847A5D00FE9D0A /* ROL.swift in Sources */ = {isa = PBXBuildFile; fileRef = 8CEBF11F29847A5D00FE9D0A /* ROL.swift */; };
		8CEBF12229847C2500FE9D0A /* ROR.swift in Sources */ = {isa = PBXBuildFile; fileRef = 8CEBF12129847C2500FE9D0A /* ROR.swift */; };
		8CEBF1242984804E00FE9D0A /* RTI.swift in Sources */ = {isa = PBXBuildFile; fileRef = 8CEBF1232984804E00FE9D0A /* RTI.swift */; };
		8CEBF1262984833C00FE9D0A /* SBA.swift in Sources */ = {isa = PBXBuildFile; fileRef = 8CEBF1252984833C00FE9D0A /* SBA.swift */; };
		8CEBF1282984845B00FE9D0A /* SBC.swift in Sources */ = {isa = PBXBuildFile; fileRef = 8CEBF1272984845B00FE9D0A /* SBC.swift */; };
		8CEBF12A2984866800FE9D0A /* SEC.swift in Sources */ = {isa = PBXBuildFile; fileRef = 8CEBF1292984866800FE9D0A /* SEC.swift */; };
		8CEBF12C298486A600FE9D0A /* SEI.swift in Sources */ = {isa = PBXBuildFile; fileRef = 8CEBF12B298486A600FE9D0A /* SEI.swift */; };
		8CEBF12E298486EF00FE9D0A /* SEV.swift in Sources */ = {isa = PBXBuildFile; fileRef = 8CEBF12D298486EF00FE9D0A /* SEV.swift */; };
		8CEBF1302984872100FE9D0A /* STA.swift in Sources */ = {isa = PBXBuildFile; fileRef = 8CEBF12F2984872100FE9D0A /* STA.swift */; };
		8CEBF132298488DE00FE9D0A /* STS.swift in Sources */ = {isa = PBXBuildFile; fileRef = 8CEBF131298488DE00FE9D0A /* STS.swift */; };
		8CEBF1342985618B00FE9D0A /* STX.swift in Sources */ = {isa = PBXBuildFile; fileRef = 8CEBF1332985618B00FE9D0A /* STX.swift */; };
		8CEBF1362985623600FE9D0A /* SUB.swift in Sources */ = {isa = PBXBuildFile; fileRef = 8CEBF1352985623600FE9D0A /* SUB.swift */; };
		8CEBF138298563F700FE9D0A /* SWI.swift in Sources */ = {isa = PBXBuildFile; fileRef = 8CEBF137298563F700FE9D0A /* SWI.swift */; };
		8CEBF13A2985D07D00FE9D0A /* TAB.swift in Sources */ = {isa = PBXBuildFile; fileRef = 8CEBF1392985D07D00FE9D0A /* TAB.swift */; };
		8CEBF13C2985D11800FE9D0A /* TAP.swift in Sources */ = {isa = PBXBuildFile; fileRef = 8CEBF13B2985D11800FE9D0A /* TAP.swift */; };
		8CEBF13E2985D17200FE9D0A /* TBA.swift in Sources */ = {isa = PBXBuildFile; fileRef = 8CEBF13D2985D17200FE9D0A /* TBA.swift */; };
		8CEBF1402985D1CC00FE9D0A /* TPA.swift in Sources */ = {isa = PBXBuildFile; fileRef = 8CEBF13F2985D1CC00FE9D0A /* TPA.swift */; };
		8CEBF1422985D22500FE9D0A /* TST.swift in Sources */ = {isa = PBXBuildFile; fileRef = 8CEBF1412985D22500FE9D0A /* TST.swift */; };
		8CEBF1442985D34B00FE9D0A /* TSX.swift in Sources */ = {isa = PBXBuildFile; fileRef = 8CEBF1432985D34B00FE9D0A /* TSX.swift */; };
		8CEBF1462985D3FC00FE9D0A /* TXS.swift in Sources */ = {isa = PBXBuildFile; fileRef = 8CEBF1452985D3FC00FE9D0A /* TXS.swift */; };
		8CEBF1492985DC6600FE9D0A /* et3400rom.bin in Resources */ = {isa = PBXBuildFile; fileRef = 8CEBF1482985DC6600FE9D0A /* et3400rom.bin */; };
		8CEBF14B298717BB00FE9D0A /* Display.swift in Sources */ = {isa = PBXBuildFile; fileRef = 8CEBF14A298717BB00FE9D0A /* Display.swift */; };
		8CEBF14D2987180B00FE9D0A /* Keyboard.swift in Sources */ = {isa = PBXBuildFile; fileRef = 8CEBF14C2987180B00FE9D0A /* Keyboard.swift */; };
		8CF0A1972970C3B600A03033 /* NEG.swift in Sources */ = {isa = PBXBuildFile; fileRef = 8CF0A1962970C3B600A03033 /* NEG.swift */; };
		8CF0A4432972189000A03033 /* LDS.swift in Sources */ = {isa = PBXBuildFile; fileRef = 8CF0A4422972189000A03033 /* LDS.swift */; };
		8CF0A44529721B6000A03033 /* LDX.swift in Sources */ = {isa = PBXBuildFile; fileRef = 8CF0A44429721B6000A03033 /* LDX.swift */; };
		8CF0A44729721C5400A03033 /* LSR.swift in Sources */ = {isa = PBXBuildFile; fileRef = 8CF0A44629721C5400A03033 /* LSR.swift */; };
		8CF0A44929736DB000A03033 /* ADD.swift in Sources */ = {isa = PBXBuildFile; fileRef = 8CF0A44829736DB000A03033 /* ADD.swift */; };
		8CF0A5E62974BA1800A03033 /* AND.swift in Sources */ = {isa = PBXBuildFile; fileRef = 8CF0A5E52974BA1800A03033 /* AND.swift */; };
		8CF0A8A429760EB700A03033 /* ASL.swift in Sources */ = {isa = PBXBuildFile; fileRef = 8CF0A8A329760EB700A03033 /* ASL.swift */; };
		8CF0A8A62976104500A03033 /* ASR.swift in Sources */ = {isa = PBXBuildFile; fileRef = 8CF0A8A52976104500A03033 /* ASR.swift */; };
		8CF0A8E2297765E000A03033 /* CBA.swift in Sources */ = {isa = PBXBuildFile; fileRef = 8CF0A8E1297765E000A03033 /* CBA.swift */; };
/* End PBXBuildFile section */

/* Begin PBXContainerItemProxy section */
		8CB86AB329683778007823D0 /* PBXContainerItemProxy */ = {
			isa = PBXContainerItemProxy;
			containerPortal = 8CB86A9A29683776007823D0 /* Project object */;
			proxyType = 1;
			remoteGlobalIDString = 8CB86AA129683776007823D0;
			remoteInfo = Motorola6800;
		};
		8CB86ABD29683778007823D0 /* PBXContainerItemProxy */ = {
			isa = PBXContainerItemProxy;
			containerPortal = 8CB86A9A29683776007823D0 /* Project object */;
			proxyType = 1;
			remoteGlobalIDString = 8CB86AA129683776007823D0;
			remoteInfo = Motorola6800;
		};
/* End PBXContainerItemProxy section */

/* Begin PBXFileReference section */
		8C0CC2012968D6D6009BE6FB /* NOP.swift */ = {isa = PBXFileReference; lastKnownFileType = sourcecode.swift; path = NOP.swift; sourceTree = "<group>"; };
		8C43E0A22978ACCE00C6AE33 /* BIT.swift */ = {isa = PBXFileReference; lastKnownFileType = sourcecode.swift; path = BIT.swift; sourceTree = "<group>"; };
		8C43E0A62978AEF500C6AE33 /* BSR.swift */ = {isa = PBXFileReference; lastKnownFileType = sourcecode.swift; path = BSR.swift; sourceTree = "<group>"; };
		8C43E0A82978B08F00C6AE33 /* RTS.swift */ = {isa = PBXFileReference; lastKnownFileType = sourcecode.swift; path = RTS.swift; sourceTree = "<group>"; };
		8C43E0AA297C3D0700C6AE33 /* CLC.swift */ = {isa = PBXFileReference; lastKnownFileType = sourcecode.swift; path = CLC.swift; sourceTree = "<group>"; };
		8C43E0AC297C3D7B00C6AE33 /* CLI.swift */ = {isa = PBXFileReference; lastKnownFileType = sourcecode.swift; path = CLI.swift; sourceTree = "<group>"; };
		8C43E0AE297C3E1900C6AE33 /* CLR.swift */ = {isa = PBXFileReference; lastKnownFileType = sourcecode.swift; path = CLR.swift; sourceTree = "<group>"; };
		8C43E0B0297C3FD100C6AE33 /* CLV.swift */ = {isa = PBXFileReference; lastKnownFileType = sourcecode.swift; path = CLV.swift; sourceTree = "<group>"; };
		8C43E0B2297C40AB00C6AE33 /* CMP.swift */ = {isa = PBXFileReference; lastKnownFileType = sourcecode.swift; path = CMP.swift; sourceTree = "<group>"; };
		8C43E2BF297E0C8D00C6AE33 /* CPX.swift */ = {isa = PBXFileReference; lastKnownFileType = sourcecode.swift; path = CPX.swift; sourceTree = "<group>"; };
		8C62C7D4298B2AFC0072BE3D /* DecimalConverter.swift */ = {isa = PBXFileReference; lastKnownFileType = sourcecode.swift; path = DecimalConverter.swift; sourceTree = "<group>"; };
		8C755A2F29699ABC00827729 /* DAA.swift */ = {isa = PBXFileReference; lastKnownFileType = sourcecode.swift; path = DAA.swift; sourceTree = "<group>"; };
		8C755A312969A39B00827729 /* JMP.swift */ = {isa = PBXFileReference; lastKnownFileType = sourcecode.swift; path = JMP.swift; sourceTree = "<group>"; };
		8C755A352969AF0A00827729 /* BRA.swift */ = {isa = PBXFileReference; lastKnownFileType = sourcecode.swift; path = BRA.swift; sourceTree = "<group>"; };
		8C755A37296CDF4100827729 /* COM.swift */ = {isa = PBXFileReference; lastKnownFileType = sourcecode.swift; path = COM.swift; sourceTree = "<group>"; };
		8C9A595E29871CCB00742D69 /* Devices.swift */ = {isa = PBXFileReference; lastKnownFileType = sourcecode.swift; path = Devices.swift; sourceTree = "<group>"; };
		8C9A5B2C2989E10600742D69 /* DecimalCounter.swift */ = {isa = PBXFileReference; lastKnownFileType = sourcecode.swift; path = DecimalCounter.swift; sourceTree = "<group>"; };
		8C9A5B2E2989E11400742D69 /* Samples.swift */ = {isa = PBXFileReference; lastKnownFileType = sourcecode.swift; path = Samples.swift; sourceTree = "<group>"; };
		8C9A5B302989E38100742D69 /* KeyboardView.swift */ = {isa = PBXFileReference; lastKnownFileType = sourcecode.swift; path = KeyboardView.swift; sourceTree = "<group>"; };
		8C9A5B322989E3AD00742D69 /* DisplayView.swift */ = {isa = PBXFileReference; lastKnownFileType = sourcecode.swift; path = DisplayView.swift; sourceTree = "<group>"; };
		8CB86AA229683776007823D0 /* Motorola6800.app */ = {isa = PBXFileReference; explicitFileType = wrapper.application; includeInIndex = 0; path = Motorola6800.app; sourceTree = BUILT_PRODUCTS_DIR; };
		8CB86AA529683776007823D0 /* Motorola6800App.swift */ = {isa = PBXFileReference; lastKnownFileType = sourcecode.swift; path = Motorola6800App.swift; sourceTree = "<group>"; };
		8CB86AA729683776007823D0 /* HeathkitView.swift */ = {isa = PBXFileReference; lastKnownFileType = sourcecode.swift; path = HeathkitView.swift; sourceTree = "<group>"; };
		8CB86AA929683778007823D0 /* Assets.xcassets */ = {isa = PBXFileReference; lastKnownFileType = folder.assetcatalog; path = Assets.xcassets; sourceTree = "<group>"; };
		8CB86AAC29683778007823D0 /* Preview Assets.xcassets */ = {isa = PBXFileReference; lastKnownFileType = folder.assetcatalog; path = "Preview Assets.xcassets"; sourceTree = "<group>"; };
		8CB86AB229683778007823D0 /* Motorola6800Tests.xctest */ = {isa = PBXFileReference; explicitFileType = wrapper.cfbundle; includeInIndex = 0; path = Motorola6800Tests.xctest; sourceTree = BUILT_PRODUCTS_DIR; };
		8CB86AB629683778007823D0 /* Motorola6800Tests.swift */ = {isa = PBXFileReference; lastKnownFileType = sourcecode.swift; path = Motorola6800Tests.swift; sourceTree = "<group>"; };
		8CB86ABC29683778007823D0 /* Motorola6800UITests.xctest */ = {isa = PBXFileReference; explicitFileType = wrapper.cfbundle; includeInIndex = 0; path = Motorola6800UITests.xctest; sourceTree = BUILT_PRODUCTS_DIR; };
		8CB86ACF296837B5007823D0 /* Model.swift */ = {isa = PBXFileReference; lastKnownFileType = sourcecode.swift; path = Model.swift; sourceTree = "<group>"; };
		8CB86AD12968444B007823D0 /* Extensions.swift */ = {isa = PBXFileReference; lastKnownFileType = sourcecode.swift; path = Extensions.swift; sourceTree = "<group>"; };
		8CB86AD3296844B8007823D0 /* Execution.swift */ = {isa = PBXFileReference; lastKnownFileType = sourcecode.swift; path = Execution.swift; sourceTree = "<group>"; };
		8CB86AD62968652E007823D0 /* InstructionSet.swift */ = {isa = PBXFileReference; lastKnownFileType = sourcecode.swift; path = InstructionSet.swift; sourceTree = "<group>"; };
		8CB86AD8296865DA007823D0 /* ABA.swift */ = {isa = PBXFileReference; lastKnownFileType = sourcecode.swift; path = ABA.swift; sourceTree = "<group>"; };
		8CB86ADA29686641007823D0 /* LDA.swift */ = {isa = PBXFileReference; lastKnownFileType = sourcecode.swift; path = LDA.swift; sourceTree = "<group>"; };
		8CB86ADC29686672007823D0 /* WAI.swift */ = {isa = PBXFileReference; lastKnownFileType = sourcecode.swift; path = WAI.swift; sourceTree = "<group>"; };
		8CC3B05A298DC94B00F7F608 /* BranchCalculator.swift */ = {isa = PBXFileReference; lastKnownFileType = sourcecode.swift; path = BranchCalculator.swift; sourceTree = "<group>"; };
		8CC3B05C298E951D00F7F608 /* SegmentIndicatorView.swift */ = {isa = PBXFileReference; lastKnownFileType = sourcecode.swift; path = SegmentIndicatorView.swift; sourceTree = "<group>"; };
		8CC3B43F2997082300F7F608 /* Terminal.swift */ = {isa = PBXFileReference; lastKnownFileType = sourcecode.swift; path = Terminal.swift; sourceTree = "<group>"; };
		8CC3B4412997D7FD00F7F608 /* TerminalUsage.swift */ = {isa = PBXFileReference; lastKnownFileType = sourcecode.swift; path = TerminalUsage.swift; sourceTree = "<group>"; };
		8CEBEB1E297F4DC900FE9D0A /* DEC.swift */ = {isa = PBXFileReference; lastKnownFileType = sourcecode.swift; path = DEC.swift; sourceTree = "<group>"; };
		8CEBEB202980ABEA00FE9D0A /* DES.swift */ = {isa = PBXFileReference; lastKnownFileType = sourcecode.swift; path = DES.swift; sourceTree = "<group>"; };
		8CEBEB222980AC4100FE9D0A /* DEX.swift */ = {isa = PBXFileReference; lastKnownFileType = sourcecode.swift; path = DEX.swift; sourceTree = "<group>"; };
		8CEBEB242981DA1100FE9D0A /* EOR.swift */ = {isa = PBXFileReference; lastKnownFileType = sourcecode.swift; path = EOR.swift; sourceTree = "<group>"; };
		8CEBEB262981DAEA00FE9D0A /* INC.swift */ = {isa = PBXFileReference; lastKnownFileType = sourcecode.swift; path = INC.swift; sourceTree = "<group>"; };
		8CEBEB282981DB9100FE9D0A /* INS.swift */ = {isa = PBXFileReference; lastKnownFileType = sourcecode.swift; path = INS.swift; sourceTree = "<group>"; };
		8CEBEB2A2981DBE400FE9D0A /* INX.swift */ = {isa = PBXFileReference; lastKnownFileType = sourcecode.swift; path = INX.swift; sourceTree = "<group>"; };
		8CEBEB2C2981DC3D00FE9D0A /* ADC.swift */ = {isa = PBXFileReference; lastKnownFileType = sourcecode.swift; path = ADC.swift; sourceTree = "<group>"; };
		8CEBEB2E2981DE1D00FE9D0A /* JSR.swift */ = {isa = PBXFileReference; lastKnownFileType = sourcecode.swift; path = JSR.swift; sourceTree = "<group>"; };
		8CEBEDDB2983455400FE9D0A /* ORA.swift */ = {isa = PBXFileReference; lastKnownFileType = sourcecode.swift; path = ORA.swift; sourceTree = "<group>"; };
		8CEBEDDD2983461600FE9D0A /* PSH.swift */ = {isa = PBXFileReference; lastKnownFileType = sourcecode.swift; path = PSH.swift; sourceTree = "<group>"; };
		8CEBF11D298479E100FE9D0A /* PUL.swift */ = {isa = PBXFileReference; lastKnownFileType = sourcecode.swift; path = PUL.swift; sourceTree = "<group>"; };
		8CEBF11F29847A5D00FE9D0A /* ROL.swift */ = {isa = PBXFileReference; lastKnownFileType = sourcecode.swift; path = ROL.swift; sourceTree = "<group>"; };
		8CEBF12129847C2500FE9D0A /* ROR.swift */ = {isa = PBXFileReference; lastKnownFileType = sourcecode.swift; path = ROR.swift; sourceTree = "<group>"; };
		8CEBF1232984804E00FE9D0A /* RTI.swift */ = {isa = PBXFileReference; lastKnownFileType = sourcecode.swift; path = RTI.swift; sourceTree = "<group>"; };
		8CEBF1252984833C00FE9D0A /* SBA.swift */ = {isa = PBXFileReference; lastKnownFileType = sourcecode.swift; path = SBA.swift; sourceTree = "<group>"; };
		8CEBF1272984845B00FE9D0A /* SBC.swift */ = {isa = PBXFileReference; lastKnownFileType = sourcecode.swift; path = SBC.swift; sourceTree = "<group>"; };
		8CEBF1292984866800FE9D0A /* SEC.swift */ = {isa = PBXFileReference; lastKnownFileType = sourcecode.swift; path = SEC.swift; sourceTree = "<group>"; };
		8CEBF12B298486A600FE9D0A /* SEI.swift */ = {isa = PBXFileReference; lastKnownFileType = sourcecode.swift; path = SEI.swift; sourceTree = "<group>"; };
		8CEBF12D298486EF00FE9D0A /* SEV.swift */ = {isa = PBXFileReference; lastKnownFileType = sourcecode.swift; path = SEV.swift; sourceTree = "<group>"; };
		8CEBF12F2984872100FE9D0A /* STA.swift */ = {isa = PBXFileReference; lastKnownFileType = sourcecode.swift; path = STA.swift; sourceTree = "<group>"; };
		8CEBF131298488DE00FE9D0A /* STS.swift */ = {isa = PBXFileReference; lastKnownFileType = sourcecode.swift; path = STS.swift; sourceTree = "<group>"; };
		8CEBF1332985618B00FE9D0A /* STX.swift */ = {isa = PBXFileReference; lastKnownFileType = sourcecode.swift; path = STX.swift; sourceTree = "<group>"; };
		8CEBF1352985623600FE9D0A /* SUB.swift */ = {isa = PBXFileReference; lastKnownFileType = sourcecode.swift; path = SUB.swift; sourceTree = "<group>"; };
		8CEBF137298563F700FE9D0A /* SWI.swift */ = {isa = PBXFileReference; lastKnownFileType = sourcecode.swift; path = SWI.swift; sourceTree = "<group>"; };
		8CEBF1392985D07D00FE9D0A /* TAB.swift */ = {isa = PBXFileReference; lastKnownFileType = sourcecode.swift; path = TAB.swift; sourceTree = "<group>"; };
		8CEBF13B2985D11800FE9D0A /* TAP.swift */ = {isa = PBXFileReference; lastKnownFileType = sourcecode.swift; path = TAP.swift; sourceTree = "<group>"; };
		8CEBF13D2985D17200FE9D0A /* TBA.swift */ = {isa = PBXFileReference; lastKnownFileType = sourcecode.swift; path = TBA.swift; sourceTree = "<group>"; };
		8CEBF13F2985D1CC00FE9D0A /* TPA.swift */ = {isa = PBXFileReference; lastKnownFileType = sourcecode.swift; path = TPA.swift; sourceTree = "<group>"; };
		8CEBF1412985D22500FE9D0A /* TST.swift */ = {isa = PBXFileReference; lastKnownFileType = sourcecode.swift; path = TST.swift; sourceTree = "<group>"; };
		8CEBF1432985D34B00FE9D0A /* TSX.swift */ = {isa = PBXFileReference; lastKnownFileType = sourcecode.swift; path = TSX.swift; sourceTree = "<group>"; };
		8CEBF1452985D3FC00FE9D0A /* TXS.swift */ = {isa = PBXFileReference; lastKnownFileType = sourcecode.swift; path = TXS.swift; sourceTree = "<group>"; };
		8CEBF1482985DC6600FE9D0A /* et3400rom.bin */ = {isa = PBXFileReference; lastKnownFileType = archive.macbinary; path = et3400rom.bin; sourceTree = "<group>"; };
		8CEBF14A298717BB00FE9D0A /* Display.swift */ = {isa = PBXFileReference; lastKnownFileType = sourcecode.swift; path = Display.swift; sourceTree = "<group>"; };
		8CEBF14C2987180B00FE9D0A /* Keyboard.swift */ = {isa = PBXFileReference; lastKnownFileType = sourcecode.swift; path = Keyboard.swift; sourceTree = "<group>"; };
		8CF0A1962970C3B600A03033 /* NEG.swift */ = {isa = PBXFileReference; lastKnownFileType = sourcecode.swift; path = NEG.swift; sourceTree = "<group>"; };
		8CF0A4422972189000A03033 /* LDS.swift */ = {isa = PBXFileReference; lastKnownFileType = sourcecode.swift; path = LDS.swift; sourceTree = "<group>"; };
		8CF0A44429721B6000A03033 /* LDX.swift */ = {isa = PBXFileReference; lastKnownFileType = sourcecode.swift; path = LDX.swift; sourceTree = "<group>"; };
		8CF0A44629721C5400A03033 /* LSR.swift */ = {isa = PBXFileReference; lastKnownFileType = sourcecode.swift; path = LSR.swift; sourceTree = "<group>"; };
		8CF0A44829736DB000A03033 /* ADD.swift */ = {isa = PBXFileReference; lastKnownFileType = sourcecode.swift; path = ADD.swift; sourceTree = "<group>"; };
		8CF0A5E52974BA1800A03033 /* AND.swift */ = {isa = PBXFileReference; lastKnownFileType = sourcecode.swift; path = AND.swift; sourceTree = "<group>"; };
		8CF0A8A329760EB700A03033 /* ASL.swift */ = {isa = PBXFileReference; lastKnownFileType = sourcecode.swift; path = ASL.swift; sourceTree = "<group>"; };
		8CF0A8A52976104500A03033 /* ASR.swift */ = {isa = PBXFileReference; lastKnownFileType = sourcecode.swift; path = ASR.swift; sourceTree = "<group>"; };
		8CF0A8E1297765E000A03033 /* CBA.swift */ = {isa = PBXFileReference; lastKnownFileType = sourcecode.swift; path = CBA.swift; sourceTree = "<group>"; };
/* End PBXFileReference section */

/* Begin PBXFrameworksBuildPhase section */
		8CB86A9F29683776007823D0 /* Frameworks */ = {
			isa = PBXFrameworksBuildPhase;
			buildActionMask = 2147483647;
			files = (
			);
			runOnlyForDeploymentPostprocessing = 0;
		};
		8CB86AAF29683778007823D0 /* Frameworks */ = {
			isa = PBXFrameworksBuildPhase;
			buildActionMask = 2147483647;
			files = (
			);
			runOnlyForDeploymentPostprocessing = 0;
		};
		8CB86AB929683778007823D0 /* Frameworks */ = {
			isa = PBXFrameworksBuildPhase;
			buildActionMask = 2147483647;
			files = (
			);
			runOnlyForDeploymentPostprocessing = 0;
		};
/* End PBXFrameworksBuildPhase section */

/* Begin PBXGroup section */
		8C9A5B2B2989E0F100742D69 /* Samples */ = {
			isa = PBXGroup;
			children = (
				8CC3B05A298DC94B00F7F608 /* BranchCalculator.swift */,
				8C9A5B2C2989E10600742D69 /* DecimalCounter.swift */,
				8C62C7D4298B2AFC0072BE3D /* DecimalConverter.swift */,
				8CC3B4412997D7FD00F7F608 /* TerminalUsage.swift */,
				8C9A5B2E2989E11400742D69 /* Samples.swift */,
			);
			path = Samples;
			sourceTree = "<group>";
		};
		8CB86A9929683776007823D0 = {
			isa = PBXGroup;
			children = (
				8CB86AA429683776007823D0 /* Motorola6800 */,
				8CB86AB529683778007823D0 /* Motorola6800Tests */,
				8CB86AA329683776007823D0 /* Products */,
			);
			sourceTree = "<group>";
		};
		8CB86AA329683776007823D0 /* Products */ = {
			isa = PBXGroup;
			children = (
				8CB86AA229683776007823D0 /* Motorola6800.app */,
				8CB86AB229683778007823D0 /* Motorola6800Tests.xctest */,
				8CB86ABC29683778007823D0 /* Motorola6800UITests.xctest */,
			);
			name = Products;
			sourceTree = "<group>";
		};
		8CB86AA429683776007823D0 /* Motorola6800 */ = {
			isa = PBXGroup;
			children = (
				8CEBF1472985DC3000FE9D0A /* Heathkit ET-3400 */,
				8CB86AD529686510007823D0 /* InstructionSet */,
				8CB86AA529683776007823D0 /* Motorola6800App.swift */,
				8CB86ACF296837B5007823D0 /* Model.swift */,
				8CB86AD12968444B007823D0 /* Extensions.swift */,
				8CB86AD62968652E007823D0 /* InstructionSet.swift */,
				8C9A595E29871CCB00742D69 /* Devices.swift */,
				8CB86AD3296844B8007823D0 /* Execution.swift */,
				8CB86AA929683778007823D0 /* Assets.xcassets */,
				8CB86AAB29683778007823D0 /* Preview Content */,
			);
			path = Motorola6800;
			sourceTree = "<group>";
		};
		8CB86AAB29683778007823D0 /* Preview Content */ = {
			isa = PBXGroup;
			children = (
				8CB86AAC29683778007823D0 /* Preview Assets.xcassets */,
			);
			path = "Preview Content";
			sourceTree = "<group>";
		};
		8CB86AB529683778007823D0 /* Motorola6800Tests */ = {
			isa = PBXGroup;
			children = (
				8CB86AB629683778007823D0 /* Motorola6800Tests.swift */,
			);
			path = Motorola6800Tests;
			sourceTree = "<group>";
		};
		8CB86AD529686510007823D0 /* InstructionSet */ = {
			isa = PBXGroup;
			children = (
				8CB86AD8296865DA007823D0 /* ABA.swift */,
				8CF0A44829736DB000A03033 /* ADD.swift */,
				8CEBEB2C2981DC3D00FE9D0A /* ADC.swift */,
				8CF0A5E52974BA1800A03033 /* AND.swift */,
				8CF0A8A329760EB700A03033 /* ASL.swift */,
				8CF0A8A52976104500A03033 /* ASR.swift */,
				8C43E0A22978ACCE00C6AE33 /* BIT.swift */,
				8C755A352969AF0A00827729 /* BRA.swift */,
				8C43E0A62978AEF500C6AE33 /* BSR.swift */,
				8CF0A8E1297765E000A03033 /* CBA.swift */,
				8C43E0AA297C3D0700C6AE33 /* CLC.swift */,
				8C43E0AC297C3D7B00C6AE33 /* CLI.swift */,
				8C43E0AE297C3E1900C6AE33 /* CLR.swift */,
				8C43E0B0297C3FD100C6AE33 /* CLV.swift */,
				8C43E0B2297C40AB00C6AE33 /* CMP.swift */,
				8C755A37296CDF4100827729 /* COM.swift */,
				8C43E2BF297E0C8D00C6AE33 /* CPX.swift */,
				8C755A2F29699ABC00827729 /* DAA.swift */,
				8CEBEB1E297F4DC900FE9D0A /* DEC.swift */,
				8CEBEB202980ABEA00FE9D0A /* DES.swift */,
				8CEBEB222980AC4100FE9D0A /* DEX.swift */,
				8CEBEB242981DA1100FE9D0A /* EOR.swift */,
				8CEBEB262981DAEA00FE9D0A /* INC.swift */,
				8CEBEB282981DB9100FE9D0A /* INS.swift */,
				8CEBEB2A2981DBE400FE9D0A /* INX.swift */,
				8C755A312969A39B00827729 /* JMP.swift */,
				8CEBEB2E2981DE1D00FE9D0A /* JSR.swift */,
				8CB86ADA29686641007823D0 /* LDA.swift */,
				8CF0A4422972189000A03033 /* LDS.swift */,
				8CF0A44429721B6000A03033 /* LDX.swift */,
				8CF0A44629721C5400A03033 /* LSR.swift */,
				8CF0A1962970C3B600A03033 /* NEG.swift */,
				8C0CC2012968D6D6009BE6FB /* NOP.swift */,
				8CEBEDDB2983455400FE9D0A /* ORA.swift */,
				8CEBEDDD2983461600FE9D0A /* PSH.swift */,
				8CEBF11D298479E100FE9D0A /* PUL.swift */,
				8CEBF11F29847A5D00FE9D0A /* ROL.swift */,
				8CEBF12129847C2500FE9D0A /* ROR.swift */,
				8CEBF1232984804E00FE9D0A /* RTI.swift */,
				8C43E0A82978B08F00C6AE33 /* RTS.swift */,
				8CEBF1252984833C00FE9D0A /* SBA.swift */,
				8CEBF1272984845B00FE9D0A /* SBC.swift */,
				8CEBF1292984866800FE9D0A /* SEC.swift */,
				8CEBF12B298486A600FE9D0A /* SEI.swift */,
				8CEBF12D298486EF00FE9D0A /* SEV.swift */,
				8CEBF12F2984872100FE9D0A /* STA.swift */,
				8CEBF131298488DE00FE9D0A /* STS.swift */,
				8CEBF1332985618B00FE9D0A /* STX.swift */,
				8CEBF1352985623600FE9D0A /* SUB.swift */,
				8CEBF137298563F700FE9D0A /* SWI.swift */,
				8CEBF1392985D07D00FE9D0A /* TAB.swift */,
				8CEBF13B2985D11800FE9D0A /* TAP.swift */,
				8CEBF13D2985D17200FE9D0A /* TBA.swift */,
				8CEBF13F2985D1CC00FE9D0A /* TPA.swift */,
				8CEBF1412985D22500FE9D0A /* TST.swift */,
				8CEBF1432985D34B00FE9D0A /* TSX.swift */,
				8CEBF1452985D3FC00FE9D0A /* TXS.swift */,
				8CB86ADC29686672007823D0 /* WAI.swift */,
			);
			path = InstructionSet;
			sourceTree = "<group>";
		};
		8CEBF1472985DC3000FE9D0A /* Heathkit ET-3400 */ = {
			isa = PBXGroup;
			children = (
				8C9A5B2B2989E0F100742D69 /* Samples */,
				8CEBF14A298717BB00FE9D0A /* Display.swift */,
				8CEBF14C2987180B00FE9D0A /* Keyboard.swift */,
				8CB86AA729683776007823D0 /* HeathkitView.swift */,
				8C9A5B322989E3AD00742D69 /* DisplayView.swift */,
				8CC3B05C298E951D00F7F608 /* SegmentIndicatorView.swift */,
				8C9A5B302989E38100742D69 /* KeyboardView.swift */,
				8CEBF1482985DC6600FE9D0A /* et3400rom.bin */,
				8CC3B43F2997082300F7F608 /* Terminal.swift */,
			);
			path = "Heathkit ET-3400";
			sourceTree = "<group>";
		};
/* End PBXGroup section */

/* Begin PBXNativeTarget section */
		8CB86AA129683776007823D0 /* Motorola6800 */ = {
			isa = PBXNativeTarget;
			buildConfigurationList = 8CB86AC629683778007823D0 /* Build configuration list for PBXNativeTarget "Motorola6800" */;
			buildPhases = (
				8CB86A9E29683776007823D0 /* Sources */,
				8CB86A9F29683776007823D0 /* Frameworks */,
				8CB86AA029683776007823D0 /* Resources */,
			);
			buildRules = (
			);
			dependencies = (
			);
			name = Motorola6800;
			productName = Motorola6800;
			productReference = 8CB86AA229683776007823D0 /* Motorola6800.app */;
			productType = "com.apple.product-type.application";
		};
		8CB86AB129683778007823D0 /* Motorola6800Tests */ = {
			isa = PBXNativeTarget;
			buildConfigurationList = 8CB86AC929683778007823D0 /* Build configuration list for PBXNativeTarget "Motorola6800Tests" */;
			buildPhases = (
				8CB86AAE29683778007823D0 /* Sources */,
				8CB86AAF29683778007823D0 /* Frameworks */,
				8CB86AB029683778007823D0 /* Resources */,
			);
			buildRules = (
			);
			dependencies = (
				8CB86AB429683778007823D0 /* PBXTargetDependency */,
			);
			name = Motorola6800Tests;
			productName = Motorola6800Tests;
			productReference = 8CB86AB229683778007823D0 /* Motorola6800Tests.xctest */;
			productType = "com.apple.product-type.bundle.unit-test";
		};
		8CB86ABB29683778007823D0 /* Motorola6800UITests */ = {
			isa = PBXNativeTarget;
			buildConfigurationList = 8CB86ACC29683778007823D0 /* Build configuration list for PBXNativeTarget "Motorola6800UITests" */;
			buildPhases = (
				8CB86AB829683778007823D0 /* Sources */,
				8CB86AB929683778007823D0 /* Frameworks */,
				8CB86ABA29683778007823D0 /* Resources */,
			);
			buildRules = (
			);
			dependencies = (
				8CB86ABE29683778007823D0 /* PBXTargetDependency */,
			);
			name = Motorola6800UITests;
			productName = Motorola6800UITests;
			productReference = 8CB86ABC29683778007823D0 /* Motorola6800UITests.xctest */;
			productType = "com.apple.product-type.bundle.ui-testing";
		};
/* End PBXNativeTarget section */

/* Begin PBXProject section */
		8CB86A9A29683776007823D0 /* Project object */ = {
			isa = PBXProject;
			attributes = {
				BuildIndependentTargetsInParallel = 1;
				LastSwiftUpdateCheck = 1420;
				LastUpgradeCheck = 1420;
				TargetAttributes = {
					8CB86AA129683776007823D0 = {
						CreatedOnToolsVersion = 14.2;
					};
					8CB86AB129683778007823D0 = {
						CreatedOnToolsVersion = 14.2;
						TestTargetID = 8CB86AA129683776007823D0;
					};
					8CB86ABB29683778007823D0 = {
						CreatedOnToolsVersion = 14.2;
						TestTargetID = 8CB86AA129683776007823D0;
					};
				};
			};
			buildConfigurationList = 8CB86A9D29683776007823D0 /* Build configuration list for PBXProject "Motorola6800" */;
			compatibilityVersion = "Xcode 14.0";
			developmentRegion = en;
			hasScannedForEncodings = 0;
			knownRegions = (
				en,
				Base,
			);
			mainGroup = 8CB86A9929683776007823D0;
			productRefGroup = 8CB86AA329683776007823D0 /* Products */;
			projectDirPath = "";
			projectRoot = "";
			targets = (
				8CB86AA129683776007823D0 /* Motorola6800 */,
				8CB86AB129683778007823D0 /* Motorola6800Tests */,
				8CB86ABB29683778007823D0 /* Motorola6800UITests */,
			);
		};
/* End PBXProject section */

/* Begin PBXResourcesBuildPhase section */
		8CB86AA029683776007823D0 /* Resources */ = {
			isa = PBXResourcesBuildPhase;
			buildActionMask = 2147483647;
			files = (
				8CB86AAD29683778007823D0 /* Preview Assets.xcassets in Resources */,
				8CB86AAA29683778007823D0 /* Assets.xcassets in Resources */,
				8CEBF1492985DC6600FE9D0A /* et3400rom.bin in Resources */,
			);
			runOnlyForDeploymentPostprocessing = 0;
		};
		8CB86AB029683778007823D0 /* Resources */ = {
			isa = PBXResourcesBuildPhase;
			buildActionMask = 2147483647;
			files = (
			);
			runOnlyForDeploymentPostprocessing = 0;
		};
		8CB86ABA29683778007823D0 /* Resources */ = {
			isa = PBXResourcesBuildPhase;
			buildActionMask = 2147483647;
			files = (
			);
			runOnlyForDeploymentPostprocessing = 0;
		};
/* End PBXResourcesBuildPhase section */

/* Begin PBXSourcesBuildPhase section */
		8CB86A9E29683776007823D0 /* Sources */ = {
			isa = PBXSourcesBuildPhase;
			buildActionMask = 2147483647;
			files = (
				8CEBEB292981DB9100FE9D0A /* INS.swift in Sources */,
				8CEBEB1F297F4DC900FE9D0A /* DEC.swift in Sources */,
				8CF0A5E62974BA1800A03033 /* AND.swift in Sources */,
				8CB86AD0296837B5007823D0 /* Model.swift in Sources */,
				8CEBEB2D2981DC3D00FE9D0A /* ADC.swift in Sources */,
				8C755A38296CDF4100827729 /* COM.swift in Sources */,
				8CEBF1362985623600FE9D0A /* SUB.swift in Sources */,
				8CEBF132298488DE00FE9D0A /* STS.swift in Sources */,
				8C62C7D5298B2AFC0072BE3D /* DecimalConverter.swift in Sources */,
				8CEBF12E298486EF00FE9D0A /* SEV.swift in Sources */,
				8CF0A8A429760EB700A03033 /* ASL.swift in Sources */,
				8CEBF1282984845B00FE9D0A /* SBC.swift in Sources */,
				8CEBF12229847C2500FE9D0A /* ROR.swift in Sources */,
				8CEBF138298563F700FE9D0A /* SWI.swift in Sources */,
				8C43E0AF297C3E1900C6AE33 /* CLR.swift in Sources */,
				8C9A5B2F2989E11400742D69 /* Samples.swift in Sources */,
				8CEBEB2B2981DBE400FE9D0A /* INX.swift in Sources */,
				8CEBF1262984833C00FE9D0A /* SBA.swift in Sources */,
				8CB86AD9296865DA007823D0 /* ABA.swift in Sources */,
				8CF0A44929736DB000A03033 /* ADD.swift in Sources */,
				8CF0A4432972189000A03033 /* LDS.swift in Sources */,
				8CB86AD4296844B8007823D0 /* Execution.swift in Sources */,
				8CEBEB252981DA1100FE9D0A /* EOR.swift in Sources */,
				8CEBF13C2985D11800FE9D0A /* TAP.swift in Sources */,
				8C9A5B312989E38100742D69 /* KeyboardView.swift in Sources */,
				8CEBF1302984872100FE9D0A /* STA.swift in Sources */,
				8CC3B05D298E951D00F7F608 /* SegmentIndicatorView.swift in Sources */,
				8CF0A8A62976104500A03033 /* ASR.swift in Sources */,
				8C755A3029699ABC00827729 /* DAA.swift in Sources */,
				8CB86AA829683776007823D0 /* HeathkitView.swift in Sources */,
				8CEBF13A2985D07D00FE9D0A /* TAB.swift in Sources */,
				8CC3B4422997D7FD00F7F608 /* TerminalUsage.swift in Sources */,
				8C43E0A32978ACCE00C6AE33 /* BIT.swift in Sources */,
				8CB86AD22968444B007823D0 /* Extensions.swift in Sources */,
				8CB86ADB29686641007823D0 /* LDA.swift in Sources */,
				8C43E2C0297E0C8D00C6AE33 /* CPX.swift in Sources */,
				8C43E0AB297C3D0700C6AE33 /* CLC.swift in Sources */,
				8CC3B4402997082300F7F608 /* Terminal.swift in Sources */,
				8CEBEDDE2983461600FE9D0A /* PSH.swift in Sources */,
				8CC3B05B298DC94B00F7F608 /* BranchCalculator.swift in Sources */,
				8CB86AA629683776007823D0 /* Motorola6800App.swift in Sources */,
				8CEBF12C298486A600FE9D0A /* SEI.swift in Sources */,
				8CEBF14B298717BB00FE9D0A /* Display.swift in Sources */,
				8CEBF1462985D3FC00FE9D0A /* TXS.swift in Sources */,
				8CEBEB232980AC4100FE9D0A /* DEX.swift in Sources */,
				8CEBF11E298479E100FE9D0A /* PUL.swift in Sources */,
				8CEBEDDC2983455400FE9D0A /* ORA.swift in Sources */,
				8C9A595F29871CCB00742D69 /* Devices.swift in Sources */,
				8C43E0B1297C3FD100C6AE33 /* CLV.swift in Sources */,
				8C43E0A72978AEF500C6AE33 /* BSR.swift in Sources */,
				8C0CC2022968D6D6009BE6FB /* NOP.swift in Sources */,
				8CF0A44729721C5400A03033 /* LSR.swift in Sources */,
				8CB86ADD29686672007823D0 /* WAI.swift in Sources */,
				8CEBF1422985D22500FE9D0A /* TST.swift in Sources */,
				8C9A5B2D2989E10600742D69 /* DecimalCounter.swift in Sources */,
				8CEBF13E2985D17200FE9D0A /* TBA.swift in Sources */,
				8CEBEB212980ABEA00FE9D0A /* DES.swift in Sources */,
				8CEBF1242984804E00FE9D0A /* RTI.swift in Sources */,
				8CEBF1402985D1CC00FE9D0A /* TPA.swift in Sources */,
				8CEBF1342985618B00FE9D0A /* STX.swift in Sources */,
				8CEBF1442985D34B00FE9D0A /* TSX.swift in Sources */,
				8C755A362969AF0A00827729 /* BRA.swift in Sources */,
				8C43E0B3297C40AB00C6AE33 /* CMP.swift in Sources */,
				8C9A5B332989E3AD00742D69 /* DisplayView.swift in Sources */,
				8CB86AD72968652E007823D0 /* InstructionSet.swift in Sources */,
				8CF0A1972970C3B600A03033 /* NEG.swift in Sources */,
				8CEBF12A2984866800FE9D0A /* SEC.swift in Sources */,
				8CF0A44529721B6000A03033 /* LDX.swift in Sources */,
				8CEBF14D2987180B00FE9D0A /* Keyboard.swift in Sources */,
				8CEBEB272981DAEA00FE9D0A /* INC.swift in Sources */,
				8C43E0AD297C3D7B00C6AE33 /* CLI.swift in Sources */,
				8CF0A8E2297765E000A03033 /* CBA.swift in Sources */,
				8C755A322969A39B00827729 /* JMP.swift in Sources */,
				8C43E0A92978B08F00C6AE33 /* RTS.swift in Sources */,
				8CEBEB2F2981DE1D00FE9D0A /* JSR.swift in Sources */,
				8CEBF12029847A5D00FE9D0A /* ROL.swift in Sources */,
			);
			runOnlyForDeploymentPostprocessing = 0;
		};
		8CB86AAE29683778007823D0 /* Sources */ = {
			isa = PBXSourcesBuildPhase;
			buildActionMask = 2147483647;
			files = (
				8CB86AB729683778007823D0 /* Motorola6800Tests.swift in Sources */,
			);
			runOnlyForDeploymentPostprocessing = 0;
		};
		8CB86AB829683778007823D0 /* Sources */ = {
			isa = PBXSourcesBuildPhase;
			buildActionMask = 2147483647;
			files = (
			);
			runOnlyForDeploymentPostprocessing = 0;
		};
/* End PBXSourcesBuildPhase section */

/* Begin PBXTargetDependency section */
		8CB86AB429683778007823D0 /* PBXTargetDependency */ = {
			isa = PBXTargetDependency;
			target = 8CB86AA129683776007823D0 /* Motorola6800 */;
			targetProxy = 8CB86AB329683778007823D0 /* PBXContainerItemProxy */;
		};
		8CB86ABE29683778007823D0 /* PBXTargetDependency */ = {
			isa = PBXTargetDependency;
			target = 8CB86AA129683776007823D0 /* Motorola6800 */;
			targetProxy = 8CB86ABD29683778007823D0 /* PBXContainerItemProxy */;
		};
/* End PBXTargetDependency section */

/* Begin XCBuildConfiguration section */
		8CB86AC429683778007823D0 /* Debug */ = {
			isa = XCBuildConfiguration;
			buildSettings = {
				ALWAYS_SEARCH_USER_PATHS = NO;
				CLANG_ANALYZER_NONNULL = YES;
				CLANG_ANALYZER_NUMBER_OBJECT_CONVERSION = YES_AGGRESSIVE;
				CLANG_CXX_LANGUAGE_STANDARD = "gnu++20";
				CLANG_ENABLE_MODULES = YES;
				CLANG_ENABLE_OBJC_ARC = YES;
				CLANG_ENABLE_OBJC_WEAK = YES;
				CLANG_WARN_BLOCK_CAPTURE_AUTORELEASING = YES;
				CLANG_WARN_BOOL_CONVERSION = YES;
				CLANG_WARN_COMMA = YES;
				CLANG_WARN_CONSTANT_CONVERSION = YES;
				CLANG_WARN_DEPRECATED_OBJC_IMPLEMENTATIONS = YES;
				CLANG_WARN_DIRECT_OBJC_ISA_USAGE = YES_ERROR;
				CLANG_WARN_DOCUMENTATION_COMMENTS = YES;
				CLANG_WARN_EMPTY_BODY = YES;
				CLANG_WARN_ENUM_CONVERSION = YES;
				CLANG_WARN_INFINITE_RECURSION = YES;
				CLANG_WARN_INT_CONVERSION = YES;
				CLANG_WARN_NON_LITERAL_NULL_CONVERSION = YES;
				CLANG_WARN_OBJC_IMPLICIT_RETAIN_SELF = YES;
				CLANG_WARN_OBJC_LITERAL_CONVERSION = YES;
				CLANG_WARN_OBJC_ROOT_CLASS = YES_ERROR;
				CLANG_WARN_QUOTED_INCLUDE_IN_FRAMEWORK_HEADER = YES;
				CLANG_WARN_RANGE_LOOP_ANALYSIS = YES;
				CLANG_WARN_STRICT_PROTOTYPES = YES;
				CLANG_WARN_SUSPICIOUS_MOVE = YES;
				CLANG_WARN_UNGUARDED_AVAILABILITY = YES_AGGRESSIVE;
				CLANG_WARN_UNREACHABLE_CODE = YES;
				CLANG_WARN__DUPLICATE_METHOD_MATCH = YES;
				COPY_PHASE_STRIP = NO;
				DEBUG_INFORMATION_FORMAT = dwarf;
				ENABLE_STRICT_OBJC_MSGSEND = YES;
				ENABLE_TESTABILITY = YES;
				GCC_C_LANGUAGE_STANDARD = gnu11;
				GCC_DYNAMIC_NO_PIC = NO;
				GCC_NO_COMMON_BLOCKS = YES;
				GCC_OPTIMIZATION_LEVEL = 0;
				GCC_PREPROCESSOR_DEFINITIONS = (
					"DEBUG=1",
					"$(inherited)",
				);
				GCC_WARN_64_TO_32_BIT_CONVERSION = YES;
				GCC_WARN_ABOUT_RETURN_TYPE = YES_ERROR;
				GCC_WARN_UNDECLARED_SELECTOR = YES;
				GCC_WARN_UNINITIALIZED_AUTOS = YES_AGGRESSIVE;
				GCC_WARN_UNUSED_FUNCTION = YES;
				GCC_WARN_UNUSED_VARIABLE = YES;
				IPHONEOS_DEPLOYMENT_TARGET = 16.2;
				MTL_ENABLE_DEBUG_INFO = INCLUDE_SOURCE;
				MTL_FAST_MATH = YES;
				ONLY_ACTIVE_ARCH = YES;
				SDKROOT = iphoneos;
				SWIFT_ACTIVE_COMPILATION_CONDITIONS = DEBUG;
				SWIFT_OPTIMIZATION_LEVEL = "-Onone";
			};
			name = Debug;
		};
		8CB86AC529683778007823D0 /* Release */ = {
			isa = XCBuildConfiguration;
			buildSettings = {
				ALWAYS_SEARCH_USER_PATHS = NO;
				CLANG_ANALYZER_NONNULL = YES;
				CLANG_ANALYZER_NUMBER_OBJECT_CONVERSION = YES_AGGRESSIVE;
				CLANG_CXX_LANGUAGE_STANDARD = "gnu++20";
				CLANG_ENABLE_MODULES = YES;
				CLANG_ENABLE_OBJC_ARC = YES;
				CLANG_ENABLE_OBJC_WEAK = YES;
				CLANG_WARN_BLOCK_CAPTURE_AUTORELEASING = YES;
				CLANG_WARN_BOOL_CONVERSION = YES;
				CLANG_WARN_COMMA = YES;
				CLANG_WARN_CONSTANT_CONVERSION = YES;
				CLANG_WARN_DEPRECATED_OBJC_IMPLEMENTATIONS = YES;
				CLANG_WARN_DIRECT_OBJC_ISA_USAGE = YES_ERROR;
				CLANG_WARN_DOCUMENTATION_COMMENTS = YES;
				CLANG_WARN_EMPTY_BODY = YES;
				CLANG_WARN_ENUM_CONVERSION = YES;
				CLANG_WARN_INFINITE_RECURSION = YES;
				CLANG_WARN_INT_CONVERSION = YES;
				CLANG_WARN_NON_LITERAL_NULL_CONVERSION = YES;
				CLANG_WARN_OBJC_IMPLICIT_RETAIN_SELF = YES;
				CLANG_WARN_OBJC_LITERAL_CONVERSION = YES;
				CLANG_WARN_OBJC_ROOT_CLASS = YES_ERROR;
				CLANG_WARN_QUOTED_INCLUDE_IN_FRAMEWORK_HEADER = YES;
				CLANG_WARN_RANGE_LOOP_ANALYSIS = YES;
				CLANG_WARN_STRICT_PROTOTYPES = YES;
				CLANG_WARN_SUSPICIOUS_MOVE = YES;
				CLANG_WARN_UNGUARDED_AVAILABILITY = YES_AGGRESSIVE;
				CLANG_WARN_UNREACHABLE_CODE = YES;
				CLANG_WARN__DUPLICATE_METHOD_MATCH = YES;
				COPY_PHASE_STRIP = NO;
				DEBUG_INFORMATION_FORMAT = "dwarf-with-dsym";
				ENABLE_NS_ASSERTIONS = NO;
				ENABLE_STRICT_OBJC_MSGSEND = YES;
				GCC_C_LANGUAGE_STANDARD = gnu11;
				GCC_NO_COMMON_BLOCKS = YES;
				GCC_WARN_64_TO_32_BIT_CONVERSION = YES;
				GCC_WARN_ABOUT_RETURN_TYPE = YES_ERROR;
				GCC_WARN_UNDECLARED_SELECTOR = YES;
				GCC_WARN_UNINITIALIZED_AUTOS = YES_AGGRESSIVE;
				GCC_WARN_UNUSED_FUNCTION = YES;
				GCC_WARN_UNUSED_VARIABLE = YES;
				IPHONEOS_DEPLOYMENT_TARGET = 16.2;
				MTL_ENABLE_DEBUG_INFO = NO;
				MTL_FAST_MATH = YES;
				SDKROOT = iphoneos;
				SWIFT_COMPILATION_MODE = wholemodule;
				SWIFT_OPTIMIZATION_LEVEL = "-O";
				VALIDATE_PRODUCT = YES;
			};
			name = Release;
		};
		8CB86AC729683778007823D0 /* Debug */ = {
			isa = XCBuildConfiguration;
			buildSettings = {
				ASSETCATALOG_COMPILER_APPICON_NAME = AppIcon;
				ASSETCATALOG_COMPILER_GLOBAL_ACCENT_COLOR_NAME = AccentColor;
				CODE_SIGN_STYLE = Automatic;
				CURRENT_PROJECT_VERSION = 1;
				DEVELOPMENT_ASSET_PATHS = "\"Motorola6800/Preview Content\"";
				DEVELOPMENT_TEAM = 7B8CU57KU5;
				ENABLE_PREVIEWS = YES;
				GENERATE_INFOPLIST_FILE = YES;
				INFOPLIST_KEY_UIApplicationSceneManifest_Generation = YES;
				INFOPLIST_KEY_UIApplicationSupportsIndirectInputEvents = YES;
				INFOPLIST_KEY_UILaunchScreen_Generation = YES;
				INFOPLIST_KEY_UISupportedInterfaceOrientations_iPad = "UIInterfaceOrientationPortrait UIInterfaceOrientationPortraitUpsideDown UIInterfaceOrientationLandscapeLeft UIInterfaceOrientationLandscapeRight";
				INFOPLIST_KEY_UISupportedInterfaceOrientations_iPhone = "UIInterfaceOrientationPortrait UIInterfaceOrientationLandscapeLeft UIInterfaceOrientationLandscapeRight";
				IPHONEOS_DEPLOYMENT_TARGET = 16.0;
				LD_RUNPATH_SEARCH_PATHS = (
					"$(inherited)",
					"@executable_path/Frameworks",
				);
				MARKETING_VERSION = 1.0;
				PRODUCT_BUNDLE_IDENTIFIER = booster.Motorola6800;
				PRODUCT_NAME = "$(TARGET_NAME)";
				SWIFT_EMIT_LOC_STRINGS = YES;
				SWIFT_VERSION = 5.0;
				TARGETED_DEVICE_FAMILY = "1,2";
			};
			name = Debug;
		};
		8CB86AC829683778007823D0 /* Release */ = {
			isa = XCBuildConfiguration;
			buildSettings = {
				ASSETCATALOG_COMPILER_APPICON_NAME = AppIcon;
				ASSETCATALOG_COMPILER_GLOBAL_ACCENT_COLOR_NAME = AccentColor;
				CODE_SIGN_STYLE = Automatic;
				CURRENT_PROJECT_VERSION = 1;
				DEVELOPMENT_ASSET_PATHS = "\"Motorola6800/Preview Content\"";
				DEVELOPMENT_TEAM = 7B8CU57KU5;
				ENABLE_PREVIEWS = YES;
				GENERATE_INFOPLIST_FILE = YES;
				INFOPLIST_KEY_UIApplicationSceneManifest_Generation = YES;
				INFOPLIST_KEY_UIApplicationSupportsIndirectInputEvents = YES;
				INFOPLIST_KEY_UILaunchScreen_Generation = YES;
				INFOPLIST_KEY_UISupportedInterfaceOrientations_iPad = "UIInterfaceOrientationPortrait UIInterfaceOrientationPortraitUpsideDown UIInterfaceOrientationLandscapeLeft UIInterfaceOrientationLandscapeRight";
				INFOPLIST_KEY_UISupportedInterfaceOrientations_iPhone = "UIInterfaceOrientationPortrait UIInterfaceOrientationLandscapeLeft UIInterfaceOrientationLandscapeRight";
				IPHONEOS_DEPLOYMENT_TARGET = 16.0;
				LD_RUNPATH_SEARCH_PATHS = (
					"$(inherited)",
					"@executable_path/Frameworks",
				);
				MARKETING_VERSION = 1.0;
				PRODUCT_BUNDLE_IDENTIFIER = booster.Motorola6800;
				PRODUCT_NAME = "$(TARGET_NAME)";
				SWIFT_EMIT_LOC_STRINGS = YES;
				SWIFT_VERSION = 5.0;
				TARGETED_DEVICE_FAMILY = "1,2";
			};
			name = Release;
		};
		8CB86ACA29683778007823D0 /* Debug */ = {
			isa = XCBuildConfiguration;
			buildSettings = {
				ALWAYS_EMBED_SWIFT_STANDARD_LIBRARIES = YES;
				BUNDLE_LOADER = "$(TEST_HOST)";
				CODE_SIGN_STYLE = Automatic;
				CURRENT_PROJECT_VERSION = 1;
				GENERATE_INFOPLIST_FILE = YES;
				IPHONEOS_DEPLOYMENT_TARGET = 16.2;
				MARKETING_VERSION = 1.0;
				PRODUCT_BUNDLE_IDENTIFIER = booster.Motorola6800Tests;
				PRODUCT_NAME = "$(TARGET_NAME)";
				SWIFT_EMIT_LOC_STRINGS = NO;
				SWIFT_VERSION = 5.0;
				TARGETED_DEVICE_FAMILY = "1,2";
				TEST_HOST = "$(BUILT_PRODUCTS_DIR)/Motorola6800.app/$(BUNDLE_EXECUTABLE_FOLDER_PATH)/Motorola6800";
			};
			name = Debug;
		};
		8CB86ACB29683778007823D0 /* Release */ = {
			isa = XCBuildConfiguration;
			buildSettings = {
				ALWAYS_EMBED_SWIFT_STANDARD_LIBRARIES = YES;
				BUNDLE_LOADER = "$(TEST_HOST)";
				CODE_SIGN_STYLE = Automatic;
				CURRENT_PROJECT_VERSION = 1;
				GENERATE_INFOPLIST_FILE = YES;
				IPHONEOS_DEPLOYMENT_TARGET = 16.2;
				MARKETING_VERSION = 1.0;
				PRODUCT_BUNDLE_IDENTIFIER = booster.Motorola6800Tests;
				PRODUCT_NAME = "$(TARGET_NAME)";
				SWIFT_EMIT_LOC_STRINGS = NO;
				SWIFT_VERSION = 5.0;
				TARGETED_DEVICE_FAMILY = "1,2";
				TEST_HOST = "$(BUILT_PRODUCTS_DIR)/Motorola6800.app/$(BUNDLE_EXECUTABLE_FOLDER_PATH)/Motorola6800";
			};
			name = Release;
		};
		8CB86ACD29683778007823D0 /* Debug */ = {
			isa = XCBuildConfiguration;
			buildSettings = {
				ALWAYS_EMBED_SWIFT_STANDARD_LIBRARIES = YES;
				CODE_SIGN_STYLE = Automatic;
				CURRENT_PROJECT_VERSION = 1;
				GENERATE_INFOPLIST_FILE = YES;
				MARKETING_VERSION = 1.0;
				PRODUCT_BUNDLE_IDENTIFIER = booster.Motorola6800UITests;
				PRODUCT_NAME = "$(TARGET_NAME)";
				SWIFT_EMIT_LOC_STRINGS = NO;
				SWIFT_VERSION = 5.0;
				TARGETED_DEVICE_FAMILY = "1,2";
				TEST_TARGET_NAME = Motorola6800;
			};
			name = Debug;
		};
		8CB86ACE29683778007823D0 /* Release */ = {
			isa = XCBuildConfiguration;
			buildSettings = {
				ALWAYS_EMBED_SWIFT_STANDARD_LIBRARIES = YES;
				CODE_SIGN_STYLE = Automatic;
				CURRENT_PROJECT_VERSION = 1;
				GENERATE_INFOPLIST_FILE = YES;
				MARKETING_VERSION = 1.0;
				PRODUCT_BUNDLE_IDENTIFIER = booster.Motorola6800UITests;
				PRODUCT_NAME = "$(TARGET_NAME)";
				SWIFT_EMIT_LOC_STRINGS = NO;
				SWIFT_VERSION = 5.0;
				TARGETED_DEVICE_FAMILY = "1,2";
				TEST_TARGET_NAME = Motorola6800;
			};
			name = Release;
		};
/* End XCBuildConfiguration section */

/* Begin XCConfigurationList section */
		8CB86A9D29683776007823D0 /* Build configuration list for PBXProject "Motorola6800" */ = {
			isa = XCConfigurationList;
			buildConfigurations = (
				8CB86AC429683778007823D0 /* Debug */,
				8CB86AC529683778007823D0 /* Release */,
			);
			defaultConfigurationIsVisible = 0;
			defaultConfigurationName = Release;
		};
		8CB86AC629683778007823D0 /* Build configuration list for PBXNativeTarget "Motorola6800" */ = {
			isa = XCConfigurationList;
			buildConfigurations = (
				8CB86AC729683778007823D0 /* Debug */,
				8CB86AC829683778007823D0 /* Release */,
			);
			defaultConfigurationIsVisible = 0;
			defaultConfigurationName = Release;
		};
		8CB86AC929683778007823D0 /* Build configuration list for PBXNativeTarget "Motorola6800Tests" */ = {
			isa = XCConfigurationList;
			buildConfigurations = (
				8CB86ACA29683778007823D0 /* Debug */,
				8CB86ACB29683778007823D0 /* Release */,
			);
			defaultConfigurationIsVisible = 0;
			defaultConfigurationName = Release;
		};
		8CB86ACC29683778007823D0 /* Build configuration list for PBXNativeTarget "Motorola6800UITests" */ = {
			isa = XCConfigurationList;
			buildConfigurations = (
				8CB86ACD29683778007823D0 /* Debug */,
				8CB86ACE29683778007823D0 /* Release */,
			);
			defaultConfigurationIsVisible = 0;
			defaultConfigurationName = Release;
		};
/* End XCConfigurationList section */
	};
	rootObject = 8CB86A9A29683776007823D0 /* Project object */;
}
